// !$*UTF8*$!
{
	archiveVersion = 1;
	classes = {
	};
	objectVersion = 51;
	objects = {

/* Begin PBXBuildFile section */
		29FFC710C5220DD50AB50B44 /* Pods_WOPTTests.framework in Frameworks */ = {isa = PBXBuildFile; fileRef = 37A62EC34193924A630C31BE /* Pods_WOPTTests.framework */; };
		33F4A02389194538BDED1048 /* Pods_WOPT.framework in Frameworks */ = {isa = PBXBuildFile; fileRef = 10D07A520B58A7DB8E8C57E3 /* Pods_WOPT.framework */; };
		59CF4987411E8088616D0428 /* Pods_WOPT_WOPTUITests.framework in Frameworks */ = {isa = PBXBuildFile; fileRef = 8A109D1EA5537E50EE55BBAE /* Pods_WOPT_WOPTUITests.framework */; };
		8272EAA325CC3B9900144ABF /* GoogleService-Info.plist in Resources */ = {isa = PBXBuildFile; fileRef = 8272EAA225CC3B9900144ABF /* GoogleService-Info.plist */; };
		82D55A3325DD69E500E1E2C3 /* SessionStore.swift in Sources */ = {isa = PBXBuildFile; fileRef = 82D55A3225DD69E500E1E2C3 /* SessionStore.swift */; };
		8744C8C825E7BED200937F2C /* MLW.swift in Sources */ = {isa = PBXBuildFile; fileRef = 8744C8C725E7BED200937F2C /* MLW.swift */; };
		8746F06325D2AE3B0066E67D /* Meal.swift in Sources */ = {isa = PBXBuildFile; fileRef = 8746F06225D2AE3B0066E67D /* Meal.swift */; };
		970720E325CC2E0200366D17 /* WOPTApp.swift in Sources */ = {isa = PBXBuildFile; fileRef = 970720E225CC2E0200366D17 /* WOPTApp.swift */; };
		970720E525CC2E0200366D17 /* MealListView.swift in Sources */ = {isa = PBXBuildFile; fileRef = 970720E425CC2E0200366D17 /* MealListView.swift */; };
		970720E725CC2E0300366D17 /* Assets.xcassets in Resources */ = {isa = PBXBuildFile; fileRef = 970720E625CC2E0300366D17 /* Assets.xcassets */; };
		970720EA25CC2E0300366D17 /* Preview Assets.xcassets in Resources */ = {isa = PBXBuildFile; fileRef = 970720E925CC2E0300366D17 /* Preview Assets.xcassets */; };
		970720F525CC2E0300366D17 /* WOPTTests.swift in Sources */ = {isa = PBXBuildFile; fileRef = 970720F425CC2E0300366D17 /* WOPTTests.swift */; };
		9707210025CC2E0300366D17 /* WOPTUITests.swift in Sources */ = {isa = PBXBuildFile; fileRef = 970720FF25CC2E0300366D17 /* WOPTUITests.swift */; };
		97A6EFB125D4F2B400E7FC55 /* MainPageView.swift in Sources */ = {isa = PBXBuildFile; fileRef = 97A6EFB025D4F2B400E7FC55 /* MainPageView.swift */; };
		97A6EFB625D4F2E900E7FC55 /* RegisterView.swift in Sources */ = {isa = PBXBuildFile; fileRef = 97A6EFB525D4F2E900E7FC55 /* RegisterView.swift */; };
		97A6EFBB25D4F33400E7FC55 /* WorkoutListView.swift in Sources */ = {isa = PBXBuildFile; fileRef = 97A6EFBA25D4F33400E7FC55 /* WorkoutListView.swift */; };
		97A6EFC025D4F39900E7FC55 /* MainPage.swift in Sources */ = {isa = PBXBuildFile; fileRef = 97A6EFBF25D4F39900E7FC55 /* MainPage.swift */; };
		97C5905225E67CBC00AC62BF /* SessionRepository.swift in Sources */ = {isa = PBXBuildFile; fileRef = 97C5905125E67CBC00AC62BF /* SessionRepository.swift */; };
		97C5907C25E684F000AC62BF /* MealRepository.swift in Sources */ = {isa = PBXBuildFile; fileRef = 97C5907B25E684F000AC62BF /* MealRepository.swift */; };
		97F4DF1C25DFB51C002CD659 /* SessionView.swift in Sources */ = {isa = PBXBuildFile; fileRef = 97F4DF1B25DFB51C002CD659 /* SessionView.swift */; };
		97F4DF2925DFB59A002CD659 /* ExerciseModel.swift in Sources */ = {isa = PBXBuildFile; fileRef = 97F4DF2825DFB59A002CD659 /* ExerciseModel.swift */; };
		97F4DF3825DFB904002CD659 /* MealCellViewModel.swift in Sources */ = {isa = PBXBuildFile; fileRef = 97F4DF3725DFB904002CD659 /* MealCellViewModel.swift */; };
		97F4DF3D25DFB945002CD659 /* MealListViewModel.swift in Sources */ = {isa = PBXBuildFile; fileRef = 97F4DF3C25DFB945002CD659 /* MealListViewModel.swift */; };
/* End PBXBuildFile section */

/* Begin PBXContainerItemProxy section */
		970720F125CC2E0300366D17 /* PBXContainerItemProxy */ = {
			isa = PBXContainerItemProxy;
			containerPortal = 970720D725CC2E0200366D17 /* Project object */;
			proxyType = 1;
			remoteGlobalIDString = 970720DE25CC2E0200366D17;
			remoteInfo = WOPT;
		};
		970720FC25CC2E0300366D17 /* PBXContainerItemProxy */ = {
			isa = PBXContainerItemProxy;
			containerPortal = 970720D725CC2E0200366D17 /* Project object */;
			proxyType = 1;
			remoteGlobalIDString = 970720DE25CC2E0200366D17;
			remoteInfo = WOPT;
		};
/* End PBXContainerItemProxy section */

/* Begin PBXFileReference section */
		03850BA7D1143284AEE0CF0A /* Pods-WOPTTests.release.xcconfig */ = {isa = PBXFileReference; includeInIndex = 1; lastKnownFileType = text.xcconfig; name = "Pods-WOPTTests.release.xcconfig"; path = "Target Support Files/Pods-WOPTTests/Pods-WOPTTests.release.xcconfig"; sourceTree = "<group>"; };
		10D07A520B58A7DB8E8C57E3 /* Pods_WOPT.framework */ = {isa = PBXFileReference; explicitFileType = wrapper.framework; includeInIndex = 0; path = Pods_WOPT.framework; sourceTree = BUILT_PRODUCTS_DIR; };
		37A62EC34193924A630C31BE /* Pods_WOPTTests.framework */ = {isa = PBXFileReference; explicitFileType = wrapper.framework; includeInIndex = 0; path = Pods_WOPTTests.framework; sourceTree = BUILT_PRODUCTS_DIR; };
		4C6A6BB55C7566A14A5FE371 /* Pods-WOPT.release.xcconfig */ = {isa = PBXFileReference; includeInIndex = 1; lastKnownFileType = text.xcconfig; name = "Pods-WOPT.release.xcconfig"; path = "Target Support Files/Pods-WOPT/Pods-WOPT.release.xcconfig"; sourceTree = "<group>"; };
		5728A9730D5C9D5E632AF184 /* Pods-WOPT-WOPTUITests.release.xcconfig */ = {isa = PBXFileReference; includeInIndex = 1; lastKnownFileType = text.xcconfig; name = "Pods-WOPT-WOPTUITests.release.xcconfig"; path = "Target Support Files/Pods-WOPT-WOPTUITests/Pods-WOPT-WOPTUITests.release.xcconfig"; sourceTree = "<group>"; };
		8272EAA225CC3B9900144ABF /* GoogleService-Info.plist */ = {isa = PBXFileReference; fileEncoding = 4; lastKnownFileType = text.plist.xml; path = "GoogleService-Info.plist"; sourceTree = "<group>"; };
		82D55A3225DD69E500E1E2C3 /* SessionStore.swift */ = {isa = PBXFileReference; lastKnownFileType = sourcecode.swift; path = SessionStore.swift; sourceTree = "<group>"; };
		8744C8C725E7BED200937F2C /* MLW.swift */ = {isa = PBXFileReference; lastKnownFileType = sourcecode.swift; path = MLW.swift; sourceTree = "<group>"; };
		8746F06225D2AE3B0066E67D /* Meal.swift */ = {isa = PBXFileReference; lastKnownFileType = sourcecode.swift; path = Meal.swift; sourceTree = "<group>"; };
		8A109D1EA5537E50EE55BBAE /* Pods_WOPT_WOPTUITests.framework */ = {isa = PBXFileReference; explicitFileType = wrapper.framework; includeInIndex = 0; path = Pods_WOPT_WOPTUITests.framework; sourceTree = BUILT_PRODUCTS_DIR; };
		970720DF25CC2E0200366D17 /* WOPT.app */ = {isa = PBXFileReference; explicitFileType = wrapper.application; includeInIndex = 0; path = WOPT.app; sourceTree = BUILT_PRODUCTS_DIR; };
		970720E225CC2E0200366D17 /* WOPTApp.swift */ = {isa = PBXFileReference; lastKnownFileType = sourcecode.swift; path = WOPTApp.swift; sourceTree = "<group>"; };
		970720E425CC2E0200366D17 /* MealListView.swift */ = {isa = PBXFileReference; lastKnownFileType = sourcecode.swift; path = MealListView.swift; sourceTree = "<group>"; };
		970720E625CC2E0300366D17 /* Assets.xcassets */ = {isa = PBXFileReference; lastKnownFileType = folder.assetcatalog; path = Assets.xcassets; sourceTree = "<group>"; };
		970720E925CC2E0300366D17 /* Preview Assets.xcassets */ = {isa = PBXFileReference; lastKnownFileType = folder.assetcatalog; path = "Preview Assets.xcassets"; sourceTree = "<group>"; };
		970720EB25CC2E0300366D17 /* Info.plist */ = {isa = PBXFileReference; lastKnownFileType = text.plist.xml; path = Info.plist; sourceTree = "<group>"; };
		970720F025CC2E0300366D17 /* WOPTTests.xctest */ = {isa = PBXFileReference; explicitFileType = wrapper.cfbundle; includeInIndex = 0; path = WOPTTests.xctest; sourceTree = BUILT_PRODUCTS_DIR; };
		970720F425CC2E0300366D17 /* WOPTTests.swift */ = {isa = PBXFileReference; lastKnownFileType = sourcecode.swift; path = WOPTTests.swift; sourceTree = "<group>"; };
		970720F625CC2E0300366D17 /* Info.plist */ = {isa = PBXFileReference; lastKnownFileType = text.plist.xml; path = Info.plist; sourceTree = "<group>"; };
		970720FB25CC2E0300366D17 /* WOPTUITests.xctest */ = {isa = PBXFileReference; explicitFileType = wrapper.cfbundle; includeInIndex = 0; path = WOPTUITests.xctest; sourceTree = BUILT_PRODUCTS_DIR; };
		970720FF25CC2E0300366D17 /* WOPTUITests.swift */ = {isa = PBXFileReference; lastKnownFileType = sourcecode.swift; path = WOPTUITests.swift; sourceTree = "<group>"; };
		9707210125CC2E0300366D17 /* Info.plist */ = {isa = PBXFileReference; lastKnownFileType = text.plist.xml; path = Info.plist; sourceTree = "<group>"; };
		97A6EFB025D4F2B400E7FC55 /* MainPageView.swift */ = {isa = PBXFileReference; lastKnownFileType = sourcecode.swift; path = MainPageView.swift; sourceTree = "<group>"; };
		97A6EFB525D4F2E900E7FC55 /* RegisterView.swift */ = {isa = PBXFileReference; lastKnownFileType = sourcecode.swift; path = RegisterView.swift; sourceTree = "<group>"; };
		97A6EFBA25D4F33400E7FC55 /* WorkoutListView.swift */ = {isa = PBXFileReference; lastKnownFileType = sourcecode.swift; path = WorkoutListView.swift; sourceTree = "<group>"; };
		97A6EFBF25D4F39900E7FC55 /* MainPage.swift */ = {isa = PBXFileReference; lastKnownFileType = sourcecode.swift; path = MainPage.swift; sourceTree = "<group>"; };
		97C5905125E67CBC00AC62BF /* SessionRepository.swift */ = {isa = PBXFileReference; lastKnownFileType = sourcecode.swift; name = SessionRepository.swift; path = WOPT/Model/SessionRepository.swift; sourceTree = SOURCE_ROOT; };
		97C5907B25E684F000AC62BF /* MealRepository.swift */ = {isa = PBXFileReference; lastKnownFileType = sourcecode.swift; path = MealRepository.swift; sourceTree = "<group>"; };
		97F4DF1B25DFB51C002CD659 /* SessionView.swift */ = {isa = PBXFileReference; fileEncoding = 4; lastKnownFileType = sourcecode.swift; path = SessionView.swift; sourceTree = "<group>"; };
		97F4DF2825DFB59A002CD659 /* ExerciseModel.swift */ = {isa = PBXFileReference; fileEncoding = 4; lastKnownFileType = sourcecode.swift; path = ExerciseModel.swift; sourceTree = "<group>"; };
		97F4DF3725DFB904002CD659 /* MealCellViewModel.swift */ = {isa = PBXFileReference; lastKnownFileType = sourcecode.swift; path = MealCellViewModel.swift; sourceTree = "<group>"; };
		97F4DF3C25DFB945002CD659 /* MealListViewModel.swift */ = {isa = PBXFileReference; lastKnownFileType = sourcecode.swift; path = MealListViewModel.swift; sourceTree = "<group>"; };
		C37C6DD9CCA2C15C94195B34 /* Pods-WOPTTests.debug.xcconfig */ = {isa = PBXFileReference; includeInIndex = 1; lastKnownFileType = text.xcconfig; name = "Pods-WOPTTests.debug.xcconfig"; path = "Target Support Files/Pods-WOPTTests/Pods-WOPTTests.debug.xcconfig"; sourceTree = "<group>"; };
		C7A151EAB355D2029D6DD1EA /* Pods-WOPT.debug.xcconfig */ = {isa = PBXFileReference; includeInIndex = 1; lastKnownFileType = text.xcconfig; name = "Pods-WOPT.debug.xcconfig"; path = "Target Support Files/Pods-WOPT/Pods-WOPT.debug.xcconfig"; sourceTree = "<group>"; };
		ED28EB7F308C394398625290 /* Pods-WOPT-WOPTUITests.debug.xcconfig */ = {isa = PBXFileReference; includeInIndex = 1; lastKnownFileType = text.xcconfig; name = "Pods-WOPT-WOPTUITests.debug.xcconfig"; path = "Target Support Files/Pods-WOPT-WOPTUITests/Pods-WOPT-WOPTUITests.debug.xcconfig"; sourceTree = "<group>"; };
/* End PBXFileReference section */

/* Begin PBXFrameworksBuildPhase section */
		970720DC25CC2E0200366D17 /* Frameworks */ = {
			isa = PBXFrameworksBuildPhase;
			buildActionMask = 2147483647;
			files = (
				33F4A02389194538BDED1048 /* Pods_WOPT.framework in Frameworks */,
			);
			runOnlyForDeploymentPostprocessing = 0;
		};
		970720ED25CC2E0300366D17 /* Frameworks */ = {
			isa = PBXFrameworksBuildPhase;
			buildActionMask = 2147483647;
			files = (
				29FFC710C5220DD50AB50B44 /* Pods_WOPTTests.framework in Frameworks */,
			);
			runOnlyForDeploymentPostprocessing = 0;
		};
		970720F825CC2E0300366D17 /* Frameworks */ = {
			isa = PBXFrameworksBuildPhase;
			buildActionMask = 2147483647;
			files = (
				59CF4987411E8088616D0428 /* Pods_WOPT_WOPTUITests.framework in Frameworks */,
			);
			runOnlyForDeploymentPostprocessing = 0;
		};
/* End PBXFrameworksBuildPhase section */

/* Begin PBXGroup section */
		429760F5A7730E531FC8C59E /* Pods */ = {
			isa = PBXGroup;
			children = (
				C7A151EAB355D2029D6DD1EA /* Pods-WOPT.debug.xcconfig */,
				4C6A6BB55C7566A14A5FE371 /* Pods-WOPT.release.xcconfig */,
				ED28EB7F308C394398625290 /* Pods-WOPT-WOPTUITests.debug.xcconfig */,
				5728A9730D5C9D5E632AF184 /* Pods-WOPT-WOPTUITests.release.xcconfig */,
				C37C6DD9CCA2C15C94195B34 /* Pods-WOPTTests.debug.xcconfig */,
				03850BA7D1143284AEE0CF0A /* Pods-WOPTTests.release.xcconfig */,
			);
			path = Pods;
			sourceTree = "<group>";
		};
		8746F06125D2AE0A0066E67D /* Model */ = {
			isa = PBXGroup;
			children = (
				97F4DF2825DFB59A002CD659 /* ExerciseModel.swift */,
				8746F06225D2AE3B0066E67D /* Meal.swift */,
				82D55A3225DD69E500E1E2C3 /* SessionStore.swift */,
			);
			path = Model;
			sourceTree = "<group>";
		};
		8746F06825D2AFCB0066E67D /* Views */ = {
			isa = PBXGroup;
			children = (
				97F4DF1B25DFB51C002CD659 /* SessionView.swift */,
				97A6EFBA25D4F33400E7FC55 /* WorkoutListView.swift */,
				97A6EFB525D4F2E900E7FC55 /* RegisterView.swift */,
				97A6EFB025D4F2B400E7FC55 /* MainPageView.swift */,
				970720E425CC2E0200366D17 /* MealListView.swift */,
				8744C8C725E7BED200937F2C /* MLW.swift */,
			);
			path = Views;
			sourceTree = "<group>";
		};
		879D7C9E25DFD46900532E3B /* Repositories */ = {
			isa = PBXGroup;
			children = (
				97C5905125E67CBC00AC62BF /* SessionRepository.swift */,
				97C5907B25E684F000AC62BF /* MealRepository.swift */,
			);
			path = Repositories;
			sourceTree = "<group>";
		};
		970720D625CC2E0200366D17 = {
			isa = PBXGroup;
			children = (
				970720E125CC2E0200366D17 /* WOPT */,
				970720F325CC2E0300366D17 /* WOPTTests */,
				970720FE25CC2E0300366D17 /* WOPTUITests */,
				970720E025CC2E0200366D17 /* Products */,
				429760F5A7730E531FC8C59E /* Pods */,
				9B620F8FAEAF7B1346B4092A /* Frameworks */,
			);
			sourceTree = "<group>";
		};
		970720E025CC2E0200366D17 /* Products */ = {
			isa = PBXGroup;
			children = (
				970720DF25CC2E0200366D17 /* WOPT.app */,
				970720F025CC2E0300366D17 /* WOPTTests.xctest */,
				970720FB25CC2E0300366D17 /* WOPTUITests.xctest */,
			);
			name = Products;
			sourceTree = "<group>";
		};
		970720E125CC2E0200366D17 /* WOPT */ = {
			isa = PBXGroup;
			children = (
				879D7C9E25DFD46900532E3B /* Repositories */,
				97F4DF3625DFB7F6002CD659 /* ViewModels */,
				8746F06125D2AE0A0066E67D /* Model */,
				8746F06825D2AFCB0066E67D /* Views */,
				970720E225CC2E0200366D17 /* WOPTApp.swift */,
				97A6EFBF25D4F39900E7FC55 /* MainPage.swift */,
				970720E625CC2E0300366D17 /* Assets.xcassets */,
				970720EB25CC2E0300366D17 /* Info.plist */,
				8272EAA225CC3B9900144ABF /* GoogleService-Info.plist */,
				970720E825CC2E0300366D17 /* Preview Content */,
			);
			path = WOPT;
			sourceTree = "<group>";
		};
		970720E825CC2E0300366D17 /* Preview Content */ = {
			isa = PBXGroup;
			children = (
				970720E925CC2E0300366D17 /* Preview Assets.xcassets */,
			);
			path = "Preview Content";
			sourceTree = "<group>";
		};
		970720F325CC2E0300366D17 /* WOPTTests */ = {
			isa = PBXGroup;
			children = (
				970720F425CC2E0300366D17 /* WOPTTests.swift */,
				970720F625CC2E0300366D17 /* Info.plist */,
			);
			path = WOPTTests;
			sourceTree = "<group>";
		};
		970720FE25CC2E0300366D17 /* WOPTUITests */ = {
			isa = PBXGroup;
			children = (
				970720FF25CC2E0300366D17 /* WOPTUITests.swift */,
				9707210125CC2E0300366D17 /* Info.plist */,
			);
			path = WOPTUITests;
			sourceTree = "<group>";
		};
		97F4DF3625DFB7F6002CD659 /* ViewModels */ = {
			isa = PBXGroup;
			children = (
				97F4DF3725DFB904002CD659 /* MealCellViewModel.swift */,
				97F4DF3C25DFB945002CD659 /* MealListViewModel.swift */,
			);
			path = ViewModels;
			sourceTree = "<group>";
		};
		9B620F8FAEAF7B1346B4092A /* Frameworks */ = {
			isa = PBXGroup;
			children = (
				8A109D1EA5537E50EE55BBAE /* Pods_WOPT_WOPTUITests.framework */,
				10D07A520B58A7DB8E8C57E3 /* Pods_WOPT.framework */,
				37A62EC34193924A630C31BE /* Pods_WOPTTests.framework */,
			);
			name = Frameworks;
			sourceTree = "<group>";
		};
/* End PBXGroup section */

/* Begin PBXNativeTarget section */
		970720DE25CC2E0200366D17 /* WOPT */ = {
			isa = PBXNativeTarget;
			buildConfigurationList = 9707210425CC2E0300366D17 /* Build configuration list for PBXNativeTarget "WOPT" */;
			buildPhases = (
				EB63548E8DE60F7BDDB91B06 /* [CP] Check Pods Manifest.lock */,
				970720DB25CC2E0200366D17 /* Sources */,
				970720DC25CC2E0200366D17 /* Frameworks */,
				970720DD25CC2E0200366D17 /* Resources */,
				7BD99ADFDFAE64A229C33470 /* [CP] Embed Pods Frameworks */,
			);
			buildRules = (
			);
			dependencies = (
			);
			name = WOPT;
			productName = WOPT;
			productReference = 970720DF25CC2E0200366D17 /* WOPT.app */;
			productType = "com.apple.product-type.application";
		};
		970720EF25CC2E0300366D17 /* WOPTTests */ = {
			isa = PBXNativeTarget;
			buildConfigurationList = 9707210725CC2E0300366D17 /* Build configuration list for PBXNativeTarget "WOPTTests" */;
			buildPhases = (
				842CF5EDE0D4A9C3EB152C4B /* [CP] Check Pods Manifest.lock */,
				970720EC25CC2E0300366D17 /* Sources */,
				970720ED25CC2E0300366D17 /* Frameworks */,
				970720EE25CC2E0300366D17 /* Resources */,
			);
			buildRules = (
			);
			dependencies = (
				970720F225CC2E0300366D17 /* PBXTargetDependency */,
			);
			name = WOPTTests;
			productName = WOPTTests;
			productReference = 970720F025CC2E0300366D17 /* WOPTTests.xctest */;
			productType = "com.apple.product-type.bundle.unit-test";
		};
		970720FA25CC2E0300366D17 /* WOPTUITests */ = {
			isa = PBXNativeTarget;
			buildConfigurationList = 9707210A25CC2E0300366D17 /* Build configuration list for PBXNativeTarget "WOPTUITests" */;
			buildPhases = (
				8B6A27CBA65938715C9AB076 /* [CP] Check Pods Manifest.lock */,
				970720F725CC2E0300366D17 /* Sources */,
				970720F825CC2E0300366D17 /* Frameworks */,
				970720F925CC2E0300366D17 /* Resources */,
				3AB5DA6A7B971B713B2CF105 /* [CP] Embed Pods Frameworks */,
			);
			buildRules = (
			);
			dependencies = (
				970720FD25CC2E0300366D17 /* PBXTargetDependency */,
			);
			name = WOPTUITests;
			productName = WOPTUITests;
			productReference = 970720FB25CC2E0300366D17 /* WOPTUITests.xctest */;
			productType = "com.apple.product-type.bundle.ui-testing";
		};
/* End PBXNativeTarget section */

/* Begin PBXProject section */
		970720D725CC2E0200366D17 /* Project object */ = {
			isa = PBXProject;
			attributes = {
				LastSwiftUpdateCheck = 1230;
				LastUpgradeCheck = 1230;
				TargetAttributes = {
					970720DE25CC2E0200366D17 = {
						CreatedOnToolsVersion = 12.3;
					};
					970720EF25CC2E0300366D17 = {
						CreatedOnToolsVersion = 12.3;
						TestTargetID = 970720DE25CC2E0200366D17;
					};
					970720FA25CC2E0300366D17 = {
						CreatedOnToolsVersion = 12.3;
						TestTargetID = 970720DE25CC2E0200366D17;
					};
				};
			};
			buildConfigurationList = 970720DA25CC2E0200366D17 /* Build configuration list for PBXProject "WOPT" */;
			compatibilityVersion = "Xcode 9.3";
			developmentRegion = en;
			hasScannedForEncodings = 0;
			knownRegions = (
				en,
				Base,
			);
			mainGroup = 970720D625CC2E0200366D17;
			productRefGroup = 970720E025CC2E0200366D17 /* Products */;
			projectDirPath = "";
			projectRoot = "";
			targets = (
				970720DE25CC2E0200366D17 /* WOPT */,
				970720EF25CC2E0300366D17 /* WOPTTests */,
				970720FA25CC2E0300366D17 /* WOPTUITests */,
			);
		};
/* End PBXProject section */

/* Begin PBXResourcesBuildPhase section */
		970720DD25CC2E0200366D17 /* Resources */ = {
			isa = PBXResourcesBuildPhase;
			buildActionMask = 2147483647;
			files = (
				970720EA25CC2E0300366D17 /* Preview Assets.xcassets in Resources */,
				970720E725CC2E0300366D17 /* Assets.xcassets in Resources */,
				8272EAA325CC3B9900144ABF /* GoogleService-Info.plist in Resources */,
			);
			runOnlyForDeploymentPostprocessing = 0;
		};
		970720EE25CC2E0300366D17 /* Resources */ = {
			isa = PBXResourcesBuildPhase;
			buildActionMask = 2147483647;
			files = (
			);
			runOnlyForDeploymentPostprocessing = 0;
		};
		970720F925CC2E0300366D17 /* Resources */ = {
			isa = PBXResourcesBuildPhase;
			buildActionMask = 2147483647;
			files = (
			);
			runOnlyForDeploymentPostprocessing = 0;
		};
/* End PBXResourcesBuildPhase section */

/* Begin PBXShellScriptBuildPhase section */
		3AB5DA6A7B971B713B2CF105 /* [CP] Embed Pods Frameworks */ = {
			isa = PBXShellScriptBuildPhase;
			buildActionMask = 2147483647;
			files = (
			);
			inputFileListPaths = (
				"${PODS_ROOT}/Target Support Files/Pods-WOPT-WOPTUITests/Pods-WOPT-WOPTUITests-frameworks-${CONFIGURATION}-input-files.xcfilelist",
			);
			name = "[CP] Embed Pods Frameworks";
			outputFileListPaths = (
				"${PODS_ROOT}/Target Support Files/Pods-WOPT-WOPTUITests/Pods-WOPT-WOPTUITests-frameworks-${CONFIGURATION}-output-files.xcfilelist",
			);
			runOnlyForDeploymentPostprocessing = 0;
			shellPath = /bin/sh;
			shellScript = "\"${PODS_ROOT}/Target Support Files/Pods-WOPT-WOPTUITests/Pods-WOPT-WOPTUITests-frameworks.sh\"\n";
			showEnvVarsInLog = 0;
		};
		7BD99ADFDFAE64A229C33470 /* [CP] Embed Pods Frameworks */ = {
			isa = PBXShellScriptBuildPhase;
			buildActionMask = 2147483647;
			files = (
			);
			inputFileListPaths = (
				"${PODS_ROOT}/Target Support Files/Pods-WOPT/Pods-WOPT-frameworks-${CONFIGURATION}-input-files.xcfilelist",
			);
			name = "[CP] Embed Pods Frameworks";
			outputFileListPaths = (
				"${PODS_ROOT}/Target Support Files/Pods-WOPT/Pods-WOPT-frameworks-${CONFIGURATION}-output-files.xcfilelist",
			);
			runOnlyForDeploymentPostprocessing = 0;
			shellPath = /bin/sh;
			shellScript = "\"${PODS_ROOT}/Target Support Files/Pods-WOPT/Pods-WOPT-frameworks.sh\"\n";
			showEnvVarsInLog = 0;
		};
		842CF5EDE0D4A9C3EB152C4B /* [CP] Check Pods Manifest.lock */ = {
			isa = PBXShellScriptBuildPhase;
			buildActionMask = 2147483647;
			files = (
			);
			inputFileListPaths = (
			);
			inputPaths = (
				"${PODS_PODFILE_DIR_PATH}/Podfile.lock",
				"${PODS_ROOT}/Manifest.lock",
			);
			name = "[CP] Check Pods Manifest.lock";
			outputFileListPaths = (
			);
			outputPaths = (
				"$(DERIVED_FILE_DIR)/Pods-WOPTTests-checkManifestLockResult.txt",
			);
			runOnlyForDeploymentPostprocessing = 0;
			shellPath = /bin/sh;
			shellScript = "diff \"${PODS_PODFILE_DIR_PATH}/Podfile.lock\" \"${PODS_ROOT}/Manifest.lock\" > /dev/null\nif [ $? != 0 ] ; then\n    # print error to STDERR\n    echo \"error: The sandbox is not in sync with the Podfile.lock. Run 'pod install' or update your CocoaPods installation.\" >&2\n    exit 1\nfi\n# This output is used by Xcode 'outputs' to avoid re-running this script phase.\necho \"SUCCESS\" > \"${SCRIPT_OUTPUT_FILE_0}\"\n";
			showEnvVarsInLog = 0;
		};
		8B6A27CBA65938715C9AB076 /* [CP] Check Pods Manifest.lock */ = {
			isa = PBXShellScriptBuildPhase;
			buildActionMask = 2147483647;
			files = (
			);
			inputFileListPaths = (
			);
			inputPaths = (
				"${PODS_PODFILE_DIR_PATH}/Podfile.lock",
				"${PODS_ROOT}/Manifest.lock",
			);
			name = "[CP] Check Pods Manifest.lock";
			outputFileListPaths = (
			);
			outputPaths = (
				"$(DERIVED_FILE_DIR)/Pods-WOPT-WOPTUITests-checkManifestLockResult.txt",
			);
			runOnlyForDeploymentPostprocessing = 0;
			shellPath = /bin/sh;
			shellScript = "diff \"${PODS_PODFILE_DIR_PATH}/Podfile.lock\" \"${PODS_ROOT}/Manifest.lock\" > /dev/null\nif [ $? != 0 ] ; then\n    # print error to STDERR\n    echo \"error: The sandbox is not in sync with the Podfile.lock. Run 'pod install' or update your CocoaPods installation.\" >&2\n    exit 1\nfi\n# This output is used by Xcode 'outputs' to avoid re-running this script phase.\necho \"SUCCESS\" > \"${SCRIPT_OUTPUT_FILE_0}\"\n";
			showEnvVarsInLog = 0;
		};
		EB63548E8DE60F7BDDB91B06 /* [CP] Check Pods Manifest.lock */ = {
			isa = PBXShellScriptBuildPhase;
			buildActionMask = 2147483647;
			files = (
			);
			inputFileListPaths = (
			);
			inputPaths = (
				"${PODS_PODFILE_DIR_PATH}/Podfile.lock",
				"${PODS_ROOT}/Manifest.lock",
			);
			name = "[CP] Check Pods Manifest.lock";
			outputFileListPaths = (
			);
			outputPaths = (
				"$(DERIVED_FILE_DIR)/Pods-WOPT-checkManifestLockResult.txt",
			);
			runOnlyForDeploymentPostprocessing = 0;
			shellPath = /bin/sh;
			shellScript = "diff \"${PODS_PODFILE_DIR_PATH}/Podfile.lock\" \"${PODS_ROOT}/Manifest.lock\" > /dev/null\nif [ $? != 0 ] ; then\n    # print error to STDERR\n    echo \"error: The sandbox is not in sync with the Podfile.lock. Run 'pod install' or update your CocoaPods installation.\" >&2\n    exit 1\nfi\n# This output is used by Xcode 'outputs' to avoid re-running this script phase.\necho \"SUCCESS\" > \"${SCRIPT_OUTPUT_FILE_0}\"\n";
			showEnvVarsInLog = 0;
		};
/* End PBXShellScriptBuildPhase section */

/* Begin PBXSourcesBuildPhase section */
		970720DB25CC2E0200366D17 /* Sources */ = {
			isa = PBXSourcesBuildPhase;
			buildActionMask = 2147483647;
			files = (
				97A6EFB125D4F2B400E7FC55 /* MainPageView.swift in Sources */,
				97C5905225E67CBC00AC62BF /* SessionRepository.swift in Sources */,
				970720E525CC2E0200366D17 /* MealListView.swift in Sources */,
				97A6EFC025D4F39900E7FC55 /* MainPage.swift in Sources */,
				97A6EFBB25D4F33400E7FC55 /* WorkoutListView.swift in Sources */,
				97F4DF3825DFB904002CD659 /* MealCellViewModel.swift in Sources */,
				97F4DF3D25DFB945002CD659 /* MealListViewModel.swift in Sources */,
				82D55A3325DD69E500E1E2C3 /* SessionStore.swift in Sources */,
				97F4DF1C25DFB51C002CD659 /* SessionView.swift in Sources */,
				97A6EFB625D4F2E900E7FC55 /* RegisterView.swift in Sources */,
				8744C8C825E7BED200937F2C /* MLW.swift in Sources */,
				97C5907C25E684F000AC62BF /* MealRepository.swift in Sources */,
				8746F06325D2AE3B0066E67D /* Meal.swift in Sources */,
				970720E325CC2E0200366D17 /* WOPTApp.swift in Sources */,
				97F4DF2925DFB59A002CD659 /* ExerciseModel.swift in Sources */,
			);
			runOnlyForDeploymentPostprocessing = 0;
		};
		970720EC25CC2E0300366D17 /* Sources */ = {
			isa = PBXSourcesBuildPhase;
			buildActionMask = 2147483647;
			files = (
				970720F525CC2E0300366D17 /* WOPTTests.swift in Sources */,
			);
			runOnlyForDeploymentPostprocessing = 0;
		};
		970720F725CC2E0300366D17 /* Sources */ = {
			isa = PBXSourcesBuildPhase;
			buildActionMask = 2147483647;
			files = (
				9707210025CC2E0300366D17 /* WOPTUITests.swift in Sources */,
			);
			runOnlyForDeploymentPostprocessing = 0;
		};
/* End PBXSourcesBuildPhase section */

/* Begin PBXTargetDependency section */
		970720F225CC2E0300366D17 /* PBXTargetDependency */ = {
			isa = PBXTargetDependency;
			target = 970720DE25CC2E0200366D17 /* WOPT */;
			targetProxy = 970720F125CC2E0300366D17 /* PBXContainerItemProxy */;
		};
		970720FD25CC2E0300366D17 /* PBXTargetDependency */ = {
			isa = PBXTargetDependency;
			target = 970720DE25CC2E0200366D17 /* WOPT */;
			targetProxy = 970720FC25CC2E0300366D17 /* PBXContainerItemProxy */;
		};
/* End PBXTargetDependency section */

/* Begin XCBuildConfiguration section */
		9707210225CC2E0300366D17 /* Debug */ = {
			isa = XCBuildConfiguration;
			buildSettings = {
				ALWAYS_SEARCH_USER_PATHS = NO;
				CLANG_ANALYZER_NONNULL = YES;
				CLANG_ANALYZER_NUMBER_OBJECT_CONVERSION = YES_AGGRESSIVE;
				CLANG_CXX_LANGUAGE_STANDARD = "gnu++14";
				CLANG_CXX_LIBRARY = "libc++";
				CLANG_ENABLE_MODULES = YES;
				CLANG_ENABLE_OBJC_ARC = YES;
				CLANG_ENABLE_OBJC_WEAK = YES;
				CLANG_WARN_BLOCK_CAPTURE_AUTORELEASING = YES;
				CLANG_WARN_BOOL_CONVERSION = YES;
				CLANG_WARN_COMMA = YES;
				CLANG_WARN_CONSTANT_CONVERSION = YES;
				CLANG_WARN_DEPRECATED_OBJC_IMPLEMENTATIONS = YES;
				CLANG_WARN_DIRECT_OBJC_ISA_USAGE = YES_ERROR;
				CLANG_WARN_DOCUMENTATION_COMMENTS = YES;
				CLANG_WARN_EMPTY_BODY = YES;
				CLANG_WARN_ENUM_CONVERSION = YES;
				CLANG_WARN_INFINITE_RECURSION = YES;
				CLANG_WARN_INT_CONVERSION = YES;
				CLANG_WARN_NON_LITERAL_NULL_CONVERSION = YES;
				CLANG_WARN_OBJC_IMPLICIT_RETAIN_SELF = YES;
				CLANG_WARN_OBJC_LITERAL_CONVERSION = YES;
				CLANG_WARN_OBJC_ROOT_CLASS = YES_ERROR;
				CLANG_WARN_QUOTED_INCLUDE_IN_FRAMEWORK_HEADER = YES;
				CLANG_WARN_RANGE_LOOP_ANALYSIS = YES;
				CLANG_WARN_STRICT_PROTOTYPES = YES;
				CLANG_WARN_SUSPICIOUS_MOVE = YES;
				CLANG_WARN_UNGUARDED_AVAILABILITY = YES_AGGRESSIVE;
				CLANG_WARN_UNREACHABLE_CODE = YES;
				CLANG_WARN__DUPLICATE_METHOD_MATCH = YES;
				COPY_PHASE_STRIP = NO;
				DEBUG_INFORMATION_FORMAT = dwarf;
				ENABLE_STRICT_OBJC_MSGSEND = YES;
				ENABLE_TESTABILITY = YES;
				GCC_C_LANGUAGE_STANDARD = gnu11;
				GCC_DYNAMIC_NO_PIC = NO;
				GCC_NO_COMMON_BLOCKS = YES;
				GCC_OPTIMIZATION_LEVEL = 0;
				GCC_PREPROCESSOR_DEFINITIONS = (
					"DEBUG=1",
					"$(inherited)",
				);
				GCC_WARN_64_TO_32_BIT_CONVERSION = YES;
				GCC_WARN_ABOUT_RETURN_TYPE = YES_ERROR;
				GCC_WARN_UNDECLARED_SELECTOR = YES;
				GCC_WARN_UNINITIALIZED_AUTOS = YES_AGGRESSIVE;
				GCC_WARN_UNUSED_FUNCTION = YES;
				GCC_WARN_UNUSED_VARIABLE = YES;
				IPHONEOS_DEPLOYMENT_TARGET = 14.3;
				MTL_ENABLE_DEBUG_INFO = INCLUDE_SOURCE;
				MTL_FAST_MATH = YES;
				ONLY_ACTIVE_ARCH = YES;
				SDKROOT = iphoneos;
				SWIFT_ACTIVE_COMPILATION_CONDITIONS = DEBUG;
				SWIFT_OPTIMIZATION_LEVEL = "-Onone";
			};
			name = Debug;
		};
		9707210325CC2E0300366D17 /* Release */ = {
			isa = XCBuildConfiguration;
			buildSettings = {
				ALWAYS_SEARCH_USER_PATHS = NO;
				CLANG_ANALYZER_NONNULL = YES;
				CLANG_ANALYZER_NUMBER_OBJECT_CONVERSION = YES_AGGRESSIVE;
				CLANG_CXX_LANGUAGE_STANDARD = "gnu++14";
				CLANG_CXX_LIBRARY = "libc++";
				CLANG_ENABLE_MODULES = YES;
				CLANG_ENABLE_OBJC_ARC = YES;
				CLANG_ENABLE_OBJC_WEAK = YES;
				CLANG_WARN_BLOCK_CAPTURE_AUTORELEASING = YES;
				CLANG_WARN_BOOL_CONVERSION = YES;
				CLANG_WARN_COMMA = YES;
				CLANG_WARN_CONSTANT_CONVERSION = YES;
				CLANG_WARN_DEPRECATED_OBJC_IMPLEMENTATIONS = YES;
				CLANG_WARN_DIRECT_OBJC_ISA_USAGE = YES_ERROR;
				CLANG_WARN_DOCUMENTATION_COMMENTS = YES;
				CLANG_WARN_EMPTY_BODY = YES;
				CLANG_WARN_ENUM_CONVERSION = YES;
				CLANG_WARN_INFINITE_RECURSION = YES;
				CLANG_WARN_INT_CONVERSION = YES;
				CLANG_WARN_NON_LITERAL_NULL_CONVERSION = YES;
				CLANG_WARN_OBJC_IMPLICIT_RETAIN_SELF = YES;
				CLANG_WARN_OBJC_LITERAL_CONVERSION = YES;
				CLANG_WARN_OBJC_ROOT_CLASS = YES_ERROR;
				CLANG_WARN_QUOTED_INCLUDE_IN_FRAMEWORK_HEADER = YES;
				CLANG_WARN_RANGE_LOOP_ANALYSIS = YES;
				CLANG_WARN_STRICT_PROTOTYPES = YES;
				CLANG_WARN_SUSPICIOUS_MOVE = YES;
				CLANG_WARN_UNGUARDED_AVAILABILITY = YES_AGGRESSIVE;
				CLANG_WARN_UNREACHABLE_CODE = YES;
				CLANG_WARN__DUPLICATE_METHOD_MATCH = YES;
				COPY_PHASE_STRIP = NO;
				DEBUG_INFORMATION_FORMAT = "dwarf-with-dsym";
				ENABLE_NS_ASSERTIONS = NO;
				ENABLE_STRICT_OBJC_MSGSEND = YES;
				GCC_C_LANGUAGE_STANDARD = gnu11;
				GCC_NO_COMMON_BLOCKS = YES;
				GCC_WARN_64_TO_32_BIT_CONVERSION = YES;
				GCC_WARN_ABOUT_RETURN_TYPE = YES_ERROR;
				GCC_WARN_UNDECLARED_SELECTOR = YES;
				GCC_WARN_UNINITIALIZED_AUTOS = YES_AGGRESSIVE;
				GCC_WARN_UNUSED_FUNCTION = YES;
				GCC_WARN_UNUSED_VARIABLE = YES;
				IPHONEOS_DEPLOYMENT_TARGET = 14.3;
				MTL_ENABLE_DEBUG_INFO = NO;
				MTL_FAST_MATH = YES;
				SDKROOT = iphoneos;
				SWIFT_COMPILATION_MODE = wholemodule;
				SWIFT_OPTIMIZATION_LEVEL = "-O";
				VALIDATE_PRODUCT = YES;
			};
			name = Release;
		};
		9707210525CC2E0300366D17 /* Debug */ = {
			isa = XCBuildConfiguration;
			baseConfigurationReference = C7A151EAB355D2029D6DD1EA /* Pods-WOPT.debug.xcconfig */;
			buildSettings = {
				ASSETCATALOG_COMPILER_APPICON_NAME = AppIcon;
				ASSETCATALOG_COMPILER_GLOBAL_ACCENT_COLOR_NAME = AccentColor;
				CODE_SIGN_STYLE = Automatic;
				DEVELOPMENT_ASSET_PATHS = "\"WOPT/Preview Content\"";
				DEVELOPMENT_TEAM = JC6AT8Q44G;
				ENABLE_PREVIEWS = YES;
				INFOPLIST_FILE = WOPT/Info.plist;
				IPHONEOS_DEPLOYMENT_TARGET = 14.0;
				LD_RUNPATH_SEARCH_PATHS = (
					"$(inherited)",
					"@executable_path/Frameworks",
				);
				PRODUCT_BUNDLE_IDENTIFIER = com.wopt.WOPT;
				PRODUCT_NAME = "$(TARGET_NAME)";
				SWIFT_VERSION = 5.0;
				TARGETED_DEVICE_FAMILY = "1,2";
			};
			name = Debug;
		};
		9707210625CC2E0300366D17 /* Release */ = {
			isa = XCBuildConfiguration;
			baseConfigurationReference = 4C6A6BB55C7566A14A5FE371 /* Pods-WOPT.release.xcconfig */;
			buildSettings = {
				ASSETCATALOG_COMPILER_APPICON_NAME = AppIcon;
				ASSETCATALOG_COMPILER_GLOBAL_ACCENT_COLOR_NAME = AccentColor;
				CODE_SIGN_STYLE = Automatic;
				DEVELOPMENT_ASSET_PATHS = "\"WOPT/Preview Content\"";
				DEVELOPMENT_TEAM = JC6AT8Q44G;
				ENABLE_PREVIEWS = YES;
				INFOPLIST_FILE = WOPT/Info.plist;
				IPHONEOS_DEPLOYMENT_TARGET = 14.0;
				LD_RUNPATH_SEARCH_PATHS = (
					"$(inherited)",
					"@executable_path/Frameworks",
				);
				PRODUCT_BUNDLE_IDENTIFIER = com.wopt.WOPT;
				PRODUCT_NAME = "$(TARGET_NAME)";
				SWIFT_VERSION = 5.0;
				TARGETED_DEVICE_FAMILY = "1,2";
			};
			name = Release;
		};
		9707210825CC2E0300366D17 /* Debug */ = {
			isa = XCBuildConfiguration;
			baseConfigurationReference = C37C6DD9CCA2C15C94195B34 /* Pods-WOPTTests.debug.xcconfig */;
			buildSettings = {
				ALWAYS_EMBED_SWIFT_STANDARD_LIBRARIES = YES;
				BUNDLE_LOADER = "$(TEST_HOST)";
				CODE_SIGN_STYLE = Automatic;
				INFOPLIST_FILE = WOPTTests/Info.plist;
				IPHONEOS_DEPLOYMENT_TARGET = 14.0;
				LD_RUNPATH_SEARCH_PATHS = (
					"$(inherited)",
					"@executable_path/Frameworks",
					"@loader_path/Frameworks",
				);
				PRODUCT_BUNDLE_IDENTIFIER = com.realdeveloperx.WOPTTests;
				PRODUCT_NAME = "$(TARGET_NAME)";
				SWIFT_VERSION = 5.0;
				TARGETED_DEVICE_FAMILY = "1,2";
				TEST_HOST = "$(BUILT_PRODUCTS_DIR)/WOPT.app/WOPT";
			};
			name = Debug;
		};
		9707210925CC2E0300366D17 /* Release */ = {
			isa = XCBuildConfiguration;
			baseConfigurationReference = 03850BA7D1143284AEE0CF0A /* Pods-WOPTTests.release.xcconfig */;
			buildSettings = {
				ALWAYS_EMBED_SWIFT_STANDARD_LIBRARIES = YES;
				BUNDLE_LOADER = "$(TEST_HOST)";
				CODE_SIGN_STYLE = Automatic;
				INFOPLIST_FILE = WOPTTests/Info.plist;
				IPHONEOS_DEPLOYMENT_TARGET = 14.0;
				LD_RUNPATH_SEARCH_PATHS = (
					"$(inherited)",
					"@executable_path/Frameworks",
					"@loader_path/Frameworks",
				);
				PRODUCT_BUNDLE_IDENTIFIER = com.realdeveloperx.WOPTTests;
				PRODUCT_NAME = "$(TARGET_NAME)";
				SWIFT_VERSION = 5.0;
				TARGETED_DEVICE_FAMILY = "1,2";
				TEST_HOST = "$(BUILT_PRODUCTS_DIR)/WOPT.app/WOPT";
			};
			name = Release;
		};
		9707210B25CC2E0300366D17 /* Debug */ = {
			isa = XCBuildConfiguration;
			baseConfigurationReference = ED28EB7F308C394398625290 /* Pods-WOPT-WOPTUITests.debug.xcconfig */;
			buildSettings = {
				ALWAYS_EMBED_SWIFT_STANDARD_LIBRARIES = YES;
				CODE_SIGN_STYLE = Automatic;
				INFOPLIST_FILE = WOPTUITests/Info.plist;
				LD_RUNPATH_SEARCH_PATHS = (
					"$(inherited)",
					"@executable_path/Frameworks",
					"@loader_path/Frameworks",
				);
				PRODUCT_BUNDLE_IDENTIFIER = com.realdeveloperx.WOPTUITests;
				PRODUCT_NAME = "$(TARGET_NAME)";
				SWIFT_VERSION = 5.0;
				TARGETED_DEVICE_FAMILY = "1,2";
				TEST_TARGET_NAME = WOPT;
			};
			name = Debug;
		};
		9707210C25CC2E0300366D17 /* Release */ = {
			isa = XCBuildConfiguration;
			baseConfigurationReference = 5728A9730D5C9D5E632AF184 /* Pods-WOPT-WOPTUITests.release.xcconfig */;
			buildSettings = {
				ALWAYS_EMBED_SWIFT_STANDARD_LIBRARIES = YES;
				CODE_SIGN_STYLE = Automatic;
				INFOPLIST_FILE = WOPTUITests/Info.plist;
				LD_RUNPATH_SEARCH_PATHS = (
					"$(inherited)",
					"@executable_path/Frameworks",
					"@loader_path/Frameworks",
				);
				PRODUCT_BUNDLE_IDENTIFIER = com.realdeveloperx.WOPTUITests;
				PRODUCT_NAME = "$(TARGET_NAME)";
				SWIFT_VERSION = 5.0;
				TARGETED_DEVICE_FAMILY = "1,2";
				TEST_TARGET_NAME = WOPT;
			};
			name = Release;
		};
/* End XCBuildConfiguration section */

/* Begin XCConfigurationList section */
		970720DA25CC2E0200366D17 /* Build configuration list for PBXProject "WOPT" */ = {
			isa = XCConfigurationList;
			buildConfigurations = (
				9707210225CC2E0300366D17 /* Debug */,
				9707210325CC2E0300366D17 /* Release */,
			);
			defaultConfigurationIsVisible = 0;
			defaultConfigurationName = Release;
		};
		9707210425CC2E0300366D17 /* Build configuration list for PBXNativeTarget "WOPT" */ = {
			isa = XCConfigurationList;
			buildConfigurations = (
				9707210525CC2E0300366D17 /* Debug */,
				9707210625CC2E0300366D17 /* Release */,
			);
			defaultConfigurationIsVisible = 0;
			defaultConfigurationName = Release;
		};
		9707210725CC2E0300366D17 /* Build configuration list for PBXNativeTarget "WOPTTests" */ = {
			isa = XCConfigurationList;
			buildConfigurations = (
				9707210825CC2E0300366D17 /* Debug */,
				9707210925CC2E0300366D17 /* Release */,
			);
			defaultConfigurationIsVisible = 0;
			defaultConfigurationName = Release;
		};
		9707210A25CC2E0300366D17 /* Build configuration list for PBXNativeTarget "WOPTUITests" */ = {
			isa = XCConfigurationList;
			buildConfigurations = (
				9707210B25CC2E0300366D17 /* Debug */,
				9707210C25CC2E0300366D17 /* Release */,
			);
			defaultConfigurationIsVisible = 0;
			defaultConfigurationName = Release;
		};
/* End XCConfigurationList section */
	};
	rootObject = 970720D725CC2E0200366D17 /* Project object */;
}
